
Microsoft Visual Studio Solution File, Format Version 12.00
Project("{FAE04EC0-301F-11D3-BF4B-00C04F79EFBC}") = "Messing Around", "Messing Around\Messing Around.csproj", "{7F7215C3-110B-45BE-B995-3ACABFD43C5A}"
EndProject
Project("{FAE04EC0-301F-11D3-BF4B-00C04F79EFBC}") = "MessingAroundMobile", "..\MessingAroundMobile\MessingAroundMobile\MessingAroundMobile.csproj", "{722BC107-2106-40C1-9706-D088BF65DE9F}"
EndProject
Global
	GlobalSection(SolutionConfigurationPlatforms) = preSolution
		Debug|Any CPU = Debug|Any CPU
		Release|Any CPU = Release|Any CPU
	EndGlobalSection
	GlobalSection(ProjectConfigurationPlatforms) = postSolution
		{7F7215C3-110B-45BE-B995-3ACABFD43C5A}.Debug|Any CPU.ActiveCfg = Debug|Any CPU
		{7F7215C3-110B-45BE-B995-3ACABFD43C5A}.Debug|Any CPU.Build.0 = Debug|Any CPU
		{7F7215C3-110B-45BE-B995-3ACABFD43C5A}.Release|Any CPU.ActiveCfg = Release|Any CPU
		{7F7215C3-110B-45BE-B995-3ACABFD43C5A}.Release|Any CPU.Build.0 = Release|Any CPU
		{722BC107-2106-40C1-9706-D088BF65DE9F}.Debug|Any CPU.ActiveCfg = Debug|Any CPU
		{722BC107-2106-40C1-9706-D088BF65DE9F}.Debug|Any CPU.Build.0 = Debug|Any CPU
		{722BC107-2106-40C1-9706-D088BF65DE9F}.Release|Any CPU.ActiveCfg = Release|Any CPU
		{722BC107-2106-40C1-9706-D088BF65DE9F}.Release|Any CPU.Build.0 = Release|Any CPU
	EndGlobalSection
EndGlobal
